
Microsoft Visual Studio Solution File, Format Version 12.00
# Visual Studio Version 17
VisualStudioVersion = 17.0.31912.275
MinimumVisualStudioVersion = 10.0.40219.1
Project("{9A19103F-16F7-4668-BE54-9A1E7A4F7556}") = "FinaDesktop", "FinaDesktop.csproj", "{97FDA046-0983-48E5-8456-C727A27FCC6C}"
EndProject
Project("{9A19103F-16F7-4668-BE54-9A1E7A4F7556}") = "FinaData", "..\FinaData\FinaData.csproj", "{0C183C1E-C86A-4F12-B831-893B3FF8950C}"
EndProject
Project("{9A19103F-16F7-4668-BE54-9A1E7A4F7556}") = "FinaApp", "..\FinaApp\FinaApp.csproj", "{78003CC6-FB03-4D39-A8F5-FF4F6A6D2F80}"
EndProject
Global
	GlobalSection(SolutionConfigurationPlatforms) = preSolution
		Debug|Any CPU = Debug|Any CPU
		Release|Any CPU = Release|Any CPU
	EndGlobalSection
	GlobalSection(ProjectConfigurationPlatforms) = postSolution
		{97FDA046-0983-48E5-8456-C727A27FCC6C}.Debug|Any CPU.ActiveCfg = Debug|Any CPU
		{97FDA046-0983-48E5-8456-C727A27FCC6C}.Debug|Any CPU.Build.0 = Debug|Any CPU
		{97FDA046-0983-48E5-8456-C727A27FCC6C}.Release|Any CPU.ActiveCfg = Release|Any CPU
		{97FDA046-0983-48E5-8456-C727A27FCC6C}.Release|Any CPU.Build.0 = Release|Any CPU
		{0C183C1E-C86A-4F12-B831-893B3FF8950C}.Debug|Any CPU.ActiveCfg = Debug|Any CPU
		{0C183C1E-C86A-4F12-B831-893B3FF8950C}.Debug|Any CPU.Build.0 = Debug|Any CPU
		{0C183C1E-C86A-4F12-B831-893B3FF8950C}.Release|Any CPU.ActiveCfg = Release|Any CPU
		{0C183C1E-C86A-4F12-B831-893B3FF8950C}.Release|Any CPU.Build.0 = Release|Any CPU
		{78003CC6-FB03-4D39-A8F5-FF4F6A6D2F80}.Debug|Any CPU.ActiveCfg = Debug|Any CPU
		{78003CC6-FB03-4D39-A8F5-FF4F6A6D2F80}.Debug|Any CPU.Build.0 = Debug|Any CPU
		{78003CC6-FB03-4D39-A8F5-FF4F6A6D2F80}.Release|Any CPU.ActiveCfg = Release|Any CPU
		{78003CC6-FB03-4D39-A8F5-FF4F6A6D2F80}.Release|Any CPU.Build.0 = Release|Any CPU
	EndGlobalSection
	GlobalSection(SolutionProperties) = preSolution
		HideSolutionNode = FALSE
	EndGlobalSection
	GlobalSection(ExtensibilityGlobals) = postSolution
		SolutionGuid = {D4409529-0326-4D7A-A170-64803B7EB761}
	EndGlobalSection
EndGlobal
