
Microsoft Visual Studio Solution File, Format Version 12.00
# Visual Studio Version 17
VisualStudioVersion = 17.0.31912.275
MinimumVisualStudioVersion = 10.0.40219.1
Project("{9A19103F-16F7-4668-BE54-9A1E7A4F7556}") = "FinaApp", "FinaApp.csproj", "{8BBAF111-C650-4E4E-9A50-51713F42E20F}"
EndProject
Global
	GlobalSection(SolutionConfigurationPlatforms) = preSolution
		Debug|Any CPU = Debug|Any CPU
		Release|Any CPU = Release|Any CPU
	EndGlobalSection
	GlobalSection(ProjectConfigurationPlatforms) = postSolution
		{8BBAF111-C650-4E4E-9A50-51713F42E20F}.Debug|Any CPU.ActiveCfg = Debug|Any CPU
		{8BBAF111-C650-4E4E-9A50-51713F42E20F}.Debug|Any CPU.Build.0 = Debug|Any CPU
		{8BBAF111-C650-4E4E-9A50-51713F42E20F}.Release|Any CPU.ActiveCfg = Release|Any CPU
		{8BBAF111-C650-4E4E-9A50-51713F42E20F}.Release|Any CPU.Build.0 = Release|Any CPU
	EndGlobalSection
	GlobalSection(SolutionProperties) = preSolution
		HideSolutionNode = FALSE
	EndGlobalSection
	GlobalSection(ExtensibilityGlobals) = postSolution
		SolutionGuid = {CD455C82-5CA2-4711-9BE6-4E0402B9FB90}
	EndGlobalSection
EndGlobal
